
Microsoft Visual Studio Solution File, Format Version 12.00
# Visual Studio Version 16
VisualStudioVersion = 16.0.30309.148
MinimumVisualStudioVersion = 10.0.40219.1
Project("{FAE04EC0-301F-11D3-BF4B-00C04F79EFBC}") = "DrawApp", "DrawApp\DrawApp.csproj", "{1869D884-AF5D-47D3-A25E-24CB71DC0417}"
EndProject
Global
	GlobalSection(SolutionConfigurationPlatforms) = preSolution
		Debug|Any CPU = Debug|Any CPU
		Release|Any CPU = Release|Any CPU
	EndGlobalSection
	GlobalSection(ProjectConfigurationPlatforms) = postSolution
		{1869D884-AF5D-47D3-A25E-24CB71DC0417}.Debug|Any CPU.ActiveCfg = Debug|Any CPU
		{1869D884-AF5D-47D3-A25E-24CB71DC0417}.Debug|Any CPU.Build.0 = Debug|Any CPU
		{1869D884-AF5D-47D3-A25E-24CB71DC0417}.Release|Any CPU.ActiveCfg = Release|Any CPU
		{1869D884-AF5D-47D3-A25E-24CB71DC0417}.Release|Any CPU.Build.0 = Release|Any CPU
	EndGlobalSection
	GlobalSection(SolutionProperties) = preSolution
		HideSolutionNode = FALSE
	EndGlobalSection
	GlobalSection(ExtensibilityGlobals) = postSolution
		SolutionGuid = {7F5A5B1E-DDAA-47BE-9C8D-C0AC375A6D92}
	EndGlobalSection
EndGlobal
